
Microsoft Visual Studio Solution File, Format Version 12.00
# Visual Studio 15
VisualStudioVersion = 15.0.26228.4
MinimumVisualStudioVersion = 10.0.40219.1
Project("{9A19103F-16F7-4668-BE54-9A1E7A4F7556}") = "Oem.Web", "Oem.Web\Oem.Web.csproj", "{24AEF19A-4986-4940-BBE0-1CE2E69239D2}"
EndProject
Project("{9A19103F-16F7-4668-BE54-9A1E7A4F7556}") = "Oem.Data", "Oem.Data\Oem.Data.csproj", "{91A54CAD-4CD0-4627-8128-ABBC5FFD03AD}"
EndProject
Project("{9A19103F-16F7-4668-BE54-9A1E7A4F7556}") = "Oem.Models", "Oem.Models\Oem.Models.csproj", "{62BDB0FA-8C98-4D10-8C90-EA61862536B1}"
EndProject
Project("{9A19103F-16F7-4668-BE54-9A1E7A4F7556}") = "Oem.Providers", "Oem.Providers\Oem.Providers.csproj", "{BE073ABC-389B-4C22-B6BB-7BC6AC5C7DE0}"
EndProject
Project("{9A19103F-16F7-4668-BE54-9A1E7A4F7556}") = "Oem.Services", "Oem.Services\Oem.Services.csproj", "{786EDB76-3C07-4002-8AD5-B2182885F825}"
EndProject
Project("{9A19103F-16F7-4668-BE54-9A1E7A4F7556}") = "Oem.Common", "Oem.Common\Oem.Common.csproj", "{A8DC96E4-B078-4489-8477-C54791FD42E5}"
EndProject
Project("{FAE04EC0-301F-11D3-BF4B-00C04F79EFBC}") = "Oem.WebTest", "Oem.WebTest\Oem.WebTest.csproj", "{7A0CAE27-526E-4BAB-9307-85EFBD8DF362}"
EndProject
Project("{FAE04EC0-301F-11D3-BF4B-00C04F79EFBC}") = "Oem.ServiceTest", "Oem.ServiceTest\Oem.ServiceTest.csproj", "{67AACFA2-54F7-4C7C-B795-E000347466B7}"
EndProject
Global
	GlobalSection(SolutionConfigurationPlatforms) = preSolution
		Debug|Any CPU = Debug|Any CPU
		Release|Any CPU = Release|Any CPU
	EndGlobalSection
	GlobalSection(ProjectConfigurationPlatforms) = postSolution
		{24AEF19A-4986-4940-BBE0-1CE2E69239D2}.Debug|Any CPU.ActiveCfg = Debug|Any CPU
		{24AEF19A-4986-4940-BBE0-1CE2E69239D2}.Debug|Any CPU.Build.0 = Debug|Any CPU
		{24AEF19A-4986-4940-BBE0-1CE2E69239D2}.Release|Any CPU.ActiveCfg = Release|Any CPU
		{24AEF19A-4986-4940-BBE0-1CE2E69239D2}.Release|Any CPU.Build.0 = Release|Any CPU
		{91A54CAD-4CD0-4627-8128-ABBC5FFD03AD}.Debug|Any CPU.ActiveCfg = Debug|Any CPU
		{91A54CAD-4CD0-4627-8128-ABBC5FFD03AD}.Debug|Any CPU.Build.0 = Debug|Any CPU
		{91A54CAD-4CD0-4627-8128-ABBC5FFD03AD}.Release|Any CPU.ActiveCfg = Release|Any CPU
		{91A54CAD-4CD0-4627-8128-ABBC5FFD03AD}.Release|Any CPU.Build.0 = Release|Any CPU
		{62BDB0FA-8C98-4D10-8C90-EA61862536B1}.Debug|Any CPU.ActiveCfg = Debug|Any CPU
		{62BDB0FA-8C98-4D10-8C90-EA61862536B1}.Debug|Any CPU.Build.0 = Debug|Any CPU
		{62BDB0FA-8C98-4D10-8C90-EA61862536B1}.Release|Any CPU.ActiveCfg = Release|Any CPU
		{62BDB0FA-8C98-4D10-8C90-EA61862536B1}.Release|Any CPU.Build.0 = Release|Any CPU
		{BE073ABC-389B-4C22-B6BB-7BC6AC5C7DE0}.Debug|Any CPU.ActiveCfg = Debug|Any CPU
		{BE073ABC-389B-4C22-B6BB-7BC6AC5C7DE0}.Debug|Any CPU.Build.0 = Debug|Any CPU
		{BE073ABC-389B-4C22-B6BB-7BC6AC5C7DE0}.Release|Any CPU.ActiveCfg = Release|Any CPU
		{BE073ABC-389B-4C22-B6BB-7BC6AC5C7DE0}.Release|Any CPU.Build.0 = Release|Any CPU
		{786EDB76-3C07-4002-8AD5-B2182885F825}.Debug|Any CPU.ActiveCfg = Debug|Any CPU
		{786EDB76-3C07-4002-8AD5-B2182885F825}.Debug|Any CPU.Build.0 = Debug|Any CPU
		{786EDB76-3C07-4002-8AD5-B2182885F825}.Release|Any CPU.ActiveCfg = Release|Any CPU
		{786EDB76-3C07-4002-8AD5-B2182885F825}.Release|Any CPU.Build.0 = Release|Any CPU
		{A8DC96E4-B078-4489-8477-C54791FD42E5}.Debug|Any CPU.ActiveCfg = Debug|Any CPU
		{A8DC96E4-B078-4489-8477-C54791FD42E5}.Debug|Any CPU.Build.0 = Debug|Any CPU
		{A8DC96E4-B078-4489-8477-C54791FD42E5}.Release|Any CPU.ActiveCfg = Release|Any CPU
		{A8DC96E4-B078-4489-8477-C54791FD42E5}.Release|Any CPU.Build.0 = Release|Any CPU
		{7A0CAE27-526E-4BAB-9307-85EFBD8DF362}.Debug|Any CPU.ActiveCfg = Debug|Any CPU
		{7A0CAE27-526E-4BAB-9307-85EFBD8DF362}.Debug|Any CPU.Build.0 = Debug|Any CPU
		{7A0CAE27-526E-4BAB-9307-85EFBD8DF362}.Release|Any CPU.ActiveCfg = Release|Any CPU
		{7A0CAE27-526E-4BAB-9307-85EFBD8DF362}.Release|Any CPU.Build.0 = Release|Any CPU
		{67AACFA2-54F7-4C7C-B795-E000347466B7}.Debug|Any CPU.ActiveCfg = Debug|Any CPU
		{67AACFA2-54F7-4C7C-B795-E000347466B7}.Debug|Any CPU.Build.0 = Debug|Any CPU
		{67AACFA2-54F7-4C7C-B795-E000347466B7}.Release|Any CPU.ActiveCfg = Release|Any CPU
		{67AACFA2-54F7-4C7C-B795-E000347466B7}.Release|Any CPU.Build.0 = Release|Any CPU
	EndGlobalSection
	GlobalSection(SolutionProperties) = preSolution
		HideSolutionNode = FALSE
	EndGlobalSection
EndGlobal
