
Microsoft Visual Studio Solution File, Format Version 12.00
# Visual Studio 14
VisualStudioVersion = 14.0.25420.1
MinimumVisualStudioVersion = 10.0.40219.1
Project("{8BB2217D-0F2D-49D1-97BC-3654ED321F3B}") = "Oem.Web", "Oem.Web\Oem.Web.xproj", "{24AEF19A-4986-4940-BBE0-1CE2E69239D2}"
EndProject
Project("{8BB2217D-0F2D-49D1-97BC-3654ED321F3B}") = "Oem.Data", "Oem.Data\Oem.Data.xproj", "{91A54CAD-4CD0-4627-8128-ABBC5FFD03AD}"
EndProject
Project("{8BB2217D-0F2D-49D1-97BC-3654ED321F3B}") = "Oem.Models", "Oem.Models\Oem.Models.xproj", "{62BDB0FA-8C98-4D10-8C90-EA61862536B1}"
EndProject
Project("{8BB2217D-0F2D-49D1-97BC-3654ED321F3B}") = "Oem.Providers", "Oem.Providers\Oem.Providers.xproj", "{BE073ABC-389B-4C22-B6BB-7BC6AC5C7DE0}"
EndProject
Project("{8BB2217D-0F2D-49D1-97BC-3654ED321F3B}") = "Oem.Services", "Oem.Services\Oem.Services.xproj", "{786EDB76-3C07-4002-8AD5-B2182885F825}"
EndProject
Project("{8BB2217D-0F2D-49D1-97BC-3654ED321F3B}") = "Oem.Common", "Oem.Common\Oem.Common.xproj", "{A8DC96E4-B078-4489-8477-C54791FD42E5}"
EndProject
Project("{8BB2217D-0F2D-49D1-97BC-3654ED321F3B}") = "Oem.IServicesTest", "Oem.IServicesTest\Oem.IServicesTest.xproj", "{24485647-FDF9-471A-8CEF-B69FE40E754E}"
EndProject
Project("{8BB2217D-0F2D-49D1-97BC-3654ED321F3B}") = "Oem.IServices", "Oem.IServices\Oem.IServices.xproj", "{13C24B41-B1FA-4A34-8ADB-F9367862EB1E}"
EndProject
Project("{8BB2217D-0F2D-49D1-97BC-3654ED321F3B}") = "Oem.IProviders", "Oem.IProviders\Oem.IProviders.xproj", "{9B672A19-AC57-4252-8831-66E618A31BFF}"
EndProject
Project("{8BB2217D-0F2D-49D1-97BC-3654ED321F3B}") = "Oem.WebTest", "Oem.WebTest\Oem.WebTest.xproj", "{3C4CCFBA-BD30-4CC6-90E2-7D97B3403AB3}"
EndProject
Global
	GlobalSection(SolutionConfigurationPlatforms) = preSolution
		Debug|Any CPU = Debug|Any CPU
		Release|Any CPU = Release|Any CPU
	EndGlobalSection
	GlobalSection(ProjectConfigurationPlatforms) = postSolution
		{24AEF19A-4986-4940-BBE0-1CE2E69239D2}.Debug|Any CPU.ActiveCfg = Debug|Any CPU
		{24AEF19A-4986-4940-BBE0-1CE2E69239D2}.Debug|Any CPU.Build.0 = Debug|Any CPU
		{24AEF19A-4986-4940-BBE0-1CE2E69239D2}.Release|Any CPU.ActiveCfg = Release|Any CPU
		{24AEF19A-4986-4940-BBE0-1CE2E69239D2}.Release|Any CPU.Build.0 = Release|Any CPU
		{91A54CAD-4CD0-4627-8128-ABBC5FFD03AD}.Debug|Any CPU.ActiveCfg = Debug|Any CPU
		{91A54CAD-4CD0-4627-8128-ABBC5FFD03AD}.Debug|Any CPU.Build.0 = Debug|Any CPU
		{91A54CAD-4CD0-4627-8128-ABBC5FFD03AD}.Release|Any CPU.ActiveCfg = Release|Any CPU
		{91A54CAD-4CD0-4627-8128-ABBC5FFD03AD}.Release|Any CPU.Build.0 = Release|Any CPU
		{62BDB0FA-8C98-4D10-8C90-EA61862536B1}.Debug|Any CPU.ActiveCfg = Debug|Any CPU
		{62BDB0FA-8C98-4D10-8C90-EA61862536B1}.Debug|Any CPU.Build.0 = Debug|Any CPU
		{62BDB0FA-8C98-4D10-8C90-EA61862536B1}.Release|Any CPU.ActiveCfg = Release|Any CPU
		{62BDB0FA-8C98-4D10-8C90-EA61862536B1}.Release|Any CPU.Build.0 = Release|Any CPU
		{BE073ABC-389B-4C22-B6BB-7BC6AC5C7DE0}.Debug|Any CPU.ActiveCfg = Debug|Any CPU
		{BE073ABC-389B-4C22-B6BB-7BC6AC5C7DE0}.Debug|Any CPU.Build.0 = Debug|Any CPU
		{BE073ABC-389B-4C22-B6BB-7BC6AC5C7DE0}.Release|Any CPU.ActiveCfg = Release|Any CPU
		{BE073ABC-389B-4C22-B6BB-7BC6AC5C7DE0}.Release|Any CPU.Build.0 = Release|Any CPU
		{786EDB76-3C07-4002-8AD5-B2182885F825}.Debug|Any CPU.ActiveCfg = Debug|Any CPU
		{786EDB76-3C07-4002-8AD5-B2182885F825}.Debug|Any CPU.Build.0 = Debug|Any CPU
		{786EDB76-3C07-4002-8AD5-B2182885F825}.Release|Any CPU.ActiveCfg = Release|Any CPU
		{786EDB76-3C07-4002-8AD5-B2182885F825}.Release|Any CPU.Build.0 = Release|Any CPU
		{A8DC96E4-B078-4489-8477-C54791FD42E5}.Debug|Any CPU.ActiveCfg = Debug|Any CPU
		{A8DC96E4-B078-4489-8477-C54791FD42E5}.Debug|Any CPU.Build.0 = Debug|Any CPU
		{A8DC96E4-B078-4489-8477-C54791FD42E5}.Release|Any CPU.ActiveCfg = Release|Any CPU
		{A8DC96E4-B078-4489-8477-C54791FD42E5}.Release|Any CPU.Build.0 = Release|Any CPU
		{24485647-FDF9-471A-8CEF-B69FE40E754E}.Debug|Any CPU.ActiveCfg = Debug|Any CPU
		{24485647-FDF9-471A-8CEF-B69FE40E754E}.Debug|Any CPU.Build.0 = Debug|Any CPU
		{24485647-FDF9-471A-8CEF-B69FE40E754E}.Release|Any CPU.ActiveCfg = Release|Any CPU
		{24485647-FDF9-471A-8CEF-B69FE40E754E}.Release|Any CPU.Build.0 = Release|Any CPU
		{13C24B41-B1FA-4A34-8ADB-F9367862EB1E}.Debug|Any CPU.ActiveCfg = Debug|Any CPU
		{13C24B41-B1FA-4A34-8ADB-F9367862EB1E}.Debug|Any CPU.Build.0 = Debug|Any CPU
		{13C24B41-B1FA-4A34-8ADB-F9367862EB1E}.Release|Any CPU.ActiveCfg = Release|Any CPU
		{13C24B41-B1FA-4A34-8ADB-F9367862EB1E}.Release|Any CPU.Build.0 = Release|Any CPU
		{9B672A19-AC57-4252-8831-66E618A31BFF}.Debug|Any CPU.ActiveCfg = Debug|Any CPU
		{9B672A19-AC57-4252-8831-66E618A31BFF}.Debug|Any CPU.Build.0 = Debug|Any CPU
		{9B672A19-AC57-4252-8831-66E618A31BFF}.Release|Any CPU.ActiveCfg = Release|Any CPU
		{9B672A19-AC57-4252-8831-66E618A31BFF}.Release|Any CPU.Build.0 = Release|Any CPU
		{3C4CCFBA-BD30-4CC6-90E2-7D97B3403AB3}.Debug|Any CPU.ActiveCfg = Debug|Any CPU
		{3C4CCFBA-BD30-4CC6-90E2-7D97B3403AB3}.Debug|Any CPU.Build.0 = Debug|Any CPU
		{3C4CCFBA-BD30-4CC6-90E2-7D97B3403AB3}.Release|Any CPU.ActiveCfg = Release|Any CPU
		{3C4CCFBA-BD30-4CC6-90E2-7D97B3403AB3}.Release|Any CPU.Build.0 = Release|Any CPU
	EndGlobalSection
	GlobalSection(SolutionProperties) = preSolution
		HideSolutionNode = FALSE
	EndGlobalSection
EndGlobal
